
Microsoft Visual Studio Solution File, Format Version 12.00
# Visual Studio 15
VisualStudioVersion = 15.0.28307.1267
MinimumVisualStudioVersion = 10.0.40219.1
Project("{FAE04EC0-301F-11D3-BF4B-00C04F79EFBC}") = "eSyaInPatient.DO", "eSyaInPatient.DO\eSyaInPatient.DO.csproj", "{A6C42415-CE1D-49C3-B61F-44E12E7AC33E}"
EndProject
Global
	GlobalSection(SolutionConfigurationPlatforms) = preSolution
		Debug|Any CPU = Debug|Any CPU
		Release|Any CPU = Release|Any CPU
	EndGlobalSection
	GlobalSection(ProjectConfigurationPlatforms) = postSolution
		{A6C42415-CE1D-49C3-B61F-44E12E7AC33E}.Debug|Any CPU.ActiveCfg = Debug|Any CPU
		{A6C42415-CE1D-49C3-B61F-44E12E7AC33E}.Debug|Any CPU.Build.0 = Debug|Any CPU
		{A6C42415-CE1D-49C3-B61F-44E12E7AC33E}.Release|Any CPU.ActiveCfg = Release|Any CPU
		{A6C42415-CE1D-49C3-B61F-44E12E7AC33E}.Release|Any CPU.Build.0 = Release|Any CPU
	EndGlobalSection
	GlobalSection(SolutionProperties) = preSolution
		HideSolutionNode = FALSE
	EndGlobalSection
	GlobalSection(ExtensibilityGlobals) = postSolution
		SolutionGuid = {7C0C7DA9-EC04-40AD-8EF2-50729D62E849}
	EndGlobalSection
EndGlobal
